<?xml version="1.0" encoding="utf-8"?>
<Project ToolsVersion="4.0" xmlns="http://schemas.microsoft.com/developer/msbuild/2003">
  <ItemGroup>
    <Filter Include="Source Files">
      <UniqueIdentifier>{67EE7CE7-9C05-4871-90BB-50B76626B508}</UniqueIdentifier>
      <Extensions>cpp;c;cc;cxx;def;odl;idl;hpj;bat;asm;asmx</Extensions>
    </Filter>
    <Filter Include="Header Files">
      <UniqueIdentifier>{5823C69F-C4A1-450D-AC73-E2ABBFD36E5A}</UniqueIdentifier>
      <Extensions>h;hpp;hxx;hm;inl;inc;xsd</Extensions>
    </Filter>
    <Filter Include="Resource Files">
      <UniqueIdentifier>{EAB36E04-D116-4E3F-B2E5-2F0DC2833F8D}</UniqueIdentifier>
      <Extensions>rc;ico;cur;bmp;dlg;rc2;rct;bin;rgs;gif;jpg;jpeg;jpe;resx;tiff;tif;png;wav</Extensions>
    </Filter>
  </ItemGroup>
  <ItemGroup>
    <ClCompile Include="uplus_2_decks.c">
      <Filter>Source Files</Filter>
    </ClCompile>
    <ClCompile Include="..\common\arg_get_arguments.c">
      <Filter>Source Files</Filter>
    </ClCompile>
    <ClCompile Include="..\common\bit_utilities.c">
      <Filter>Source Files</Filter>
    </ClCompile>
    <ClCompile Include="..\common\deck_utilities.c">
      <Filter>Source Files</Filter>
    </ClCompile>
    <ClCompile Include="..\common\sequence_utilities.c">
      <Filter>Source Files</Filter>
    </ClCompile>
    <ClCompile Include="..\common\platform_utilities.c">
      <Filter>Source Files</Filter>
    </ClCompile>
  </ItemGroup>
  <ItemGroup>
    <ClInclude Include="..\common\platform_os.h">
      <Filter>Header Files</Filter>
    </ClInclude>
    <ClInclude Include="..\common\arg_get_arguments.h">
      <Filter>Header Files</Filter>
    </ClInclude>
    <ClInclude Include="..\common\bit_utilities.h">
      <Filter>Header Files</Filter>
    </ClInclude>
    <ClInclude Include="..\common\deck_utilities.h">
      <Filter>Header Files</Filter>
    </ClInclude>
    <ClInclude Include="..\common\sequence_utilities.h">
      <Filter>Header Files</Filter>
    </ClInclude>
    <ClInclude Include="..\common\platform_utilities.h">
      <Filter>Header Files</Filter>
    </ClInclude>
  </ItemGroup>
</Project>