<?xml version="1.0" encoding="utf-8"?>
<Project ToolsVersion="4.0" xmlns="http://schemas.microsoft.com/developer/msbuild/2003">
  <ItemGroup>
    <Filter Include="Source Files">
      <UniqueIdentifier>{FA73299B-58BE-4DAB-9052-7B1125ECF7D6}</UniqueIdentifier>
      <Extensions>cpp;c;cc;cxx;def;odl;idl;hpj;bat;asm;asmx</Extensions>
    </Filter>
    <Filter Include="Header Files">
      <UniqueIdentifier>{F6E62BD1-F499-4074-B1EB-B99012F0AC6A}</UniqueIdentifier>
      <Extensions>h;hpp;hxx;hm;inl;inc;xsd</Extensions>
    </Filter>
    <Filter Include="Resource Files">
      <UniqueIdentifier>{D820629E-CAF5-43E9-908C-32B76214C8E4}</UniqueIdentifier>
      <Extensions>rc;ico;cur;bmp;dlg;rc2;rct;bin;rgs;gif;jpg;jpeg;jpe;resx;tiff;tif;png;wav</Extensions>
    </Filter>
  </ItemGroup>
  <ItemGroup>
    <ClCompile Include="ultimate_search.c">
      <Filter>Source Files</Filter>
    </ClCompile>
    <ClCompile Include="..\common\f64_seq.c">
      <Filter>Source Files</Filter>
    </ClCompile>
    <ClCompile Include="..\common\arg_get_arguments.c">
      <Filter>Source Files</Filter>
    </ClCompile>
    <ClCompile Include="..\common\bit_utilities.c">
      <Filter>Source Files</Filter>
    </ClCompile>
    <ClCompile Include="..\common\platform_utilities.c">
      <Filter>Source Files</Filter>
    </ClCompile>
  </ItemGroup>
  <ItemGroup>
    <ClInclude Include="..\common\platform_os.h">
      <Filter>Header Files</Filter>
    </ClInclude>
    <ClInclude Include="..\common\f64_seq.h">
      <Filter>Header Files</Filter>
    </ClInclude>
    <ClInclude Include="..\common\arg_get_arguments.h">
      <Filter>Header Files</Filter>
    </ClInclude>
    <ClInclude Include="..\common\bit_utilities.h">
      <Filter>Header Files</Filter>
    </ClInclude>
    <ClInclude Include="..\common\platform_utilities.h">
      <Filter>Header Files</Filter>
    </ClInclude>
  </ItemGroup>
</Project>